
Microsoft Visual Studio Solution File, Format Version 12.00
# Visual Studio 15
VisualStudioVersion = 15.0.28307.572
MinimumVisualStudioVersion = 10.0.40219.1
Project("{9A19103F-16F7-4668-BE54-9A1E7A4F7556}") = "aspcoreweb_blog_v2_2_0", "aspcoreweb_blog_v2_2_0\aspcoreweb_blog_v2_2_0.csproj", "{07CDF918-92D6-4424-939B-895454960347}"
EndProject
Global
	GlobalSection(SolutionConfigurationPlatforms) = preSolution
		Debug|Any CPU = Debug|Any CPU
		Release|Any CPU = Release|Any CPU
	EndGlobalSection
	GlobalSection(ProjectConfigurationPlatforms) = postSolution
		{07CDF918-92D6-4424-939B-895454960347}.Debug|Any CPU.ActiveCfg = Debug|Any CPU
		{07CDF918-92D6-4424-939B-895454960347}.Debug|Any CPU.Build.0 = Debug|Any CPU
		{07CDF918-92D6-4424-939B-895454960347}.Release|Any CPU.ActiveCfg = Release|Any CPU
		{07CDF918-92D6-4424-939B-895454960347}.Release|Any CPU.Build.0 = Release|Any CPU
	EndGlobalSection
	GlobalSection(SolutionProperties) = preSolution
		HideSolutionNode = FALSE
	EndGlobalSection
	GlobalSection(ExtensibilityGlobals) = postSolution
		SolutionGuid = {97A7849C-12CF-431C-AB5C-C7E15A14D2B0}
	EndGlobalSection
EndGlobal
